
Microsoft Visual Studio Solution File, Format Version 12.00
# Visual Studio Version 16
VisualStudioVersion = 25.0.1706.1
MinimumVisualStudioVersion = 10.0.40219.1
Project("{FAE04EC0-301F-11D3-BF4B-00C04F79EFBC}") = "Music Page", "Music Page\Music Page.csproj", "{A2834C4E-8756-48B7-8A03-3E694E67FAEF}"
EndProject
Global
	GlobalSection(SolutionConfigurationPlatforms) = preSolution
		Debug|Any CPU = Debug|Any CPU
		Release|Any CPU = Release|Any CPU
	EndGlobalSection
	GlobalSection(ProjectConfigurationPlatforms) = postSolution
		{A2834C4E-8756-48B7-8A03-3E694E67FAEF}.Debug|Any CPU.ActiveCfg = Debug|Any CPU
		{A2834C4E-8756-48B7-8A03-3E694E67FAEF}.Debug|Any CPU.Build.0 = Debug|Any CPU
		{A2834C4E-8756-48B7-8A03-3E694E67FAEF}.Release|Any CPU.ActiveCfg = Release|Any CPU
		{A2834C4E-8756-48B7-8A03-3E694E67FAEF}.Release|Any CPU.Build.0 = Release|Any CPU
	EndGlobalSection
	GlobalSection(SolutionProperties) = preSolution
		HideSolutionNode = FALSE
	EndGlobalSection
	GlobalSection(ExtensibilityGlobals) = postSolution
		SolutionGuid = {7A3857DD-2094-4BF5-8781-E5590F67EDE1}
	EndGlobalSection
EndGlobal
